
Microsoft Visual Studio Solution File, Format Version 12.00
# Visual Studio Version 16
VisualStudioVersion = 16.0.29025.244
MinimumVisualStudioVersion = 10.0.40219.1
Project("{FAE04EC0-301F-11D3-BF4B-00C04F79EFBC}") = "StudentManagementSystem", "StudentManagementSystem.csproj", "{5E1BDC00-2798-4892-8825-6FE62508990C}"
EndProject
Global
	GlobalSection(SolutionConfigurationPlatforms) = preSolution
		Debug|Any CPU = Debug|Any CPU
		Release|Any CPU = Release|Any CPU
	EndGlobalSection
	GlobalSection(ProjectConfigurationPlatforms) = postSolution
		{5E1BDC00-2798-4892-8825-6FE62508990C}.Debug|Any CPU.ActiveCfg = Debug|Any CPU
		{5E1BDC00-2798-4892-8825-6FE62508990C}.Debug|Any CPU.Build.0 = Debug|Any CPU
		{5E1BDC00-2798-4892-8825-6FE62508990C}.Release|Any CPU.ActiveCfg = Release|Any CPU
		{5E1BDC00-2798-4892-8825-6FE62508990C}.Release|Any CPU.Build.0 = Release|Any CPU
	EndGlobalSection
	GlobalSection(SolutionProperties) = preSolution
		HideSolutionNode = FALSE
	EndGlobalSection
	GlobalSection(ExtensibilityGlobals) = postSolution
		SolutionGuid = {EE787DFC-AED6-41BD-9268-2F5F40ADE698}
	EndGlobalSection
EndGlobal
